lockfileVersion: '9.0'

settings:
  autoInstallPeers: true
  excludeLinksFromLockfile: false

importers:

  .:
    dependencies:
      create-next-app:
        specifier: ^15.3.1
        version: 15.3.1

packages:

  create-next-app@15.3.1:
    resolution: {integrity: sha512-qgMrINY3iNzbG5UNM/fpaoup45lORhbxUUEmoq+XcM4Ppzr+LrfvoVveJVj+rwrXstdz6Q1pYFlkVDq5LIh+tA==}
    engines: {node: '>=18.18.0'}
    hasBin: true

snapshots:

  create-next-app@15.3.1: {}
